Microsoft Visual Studio Solution File, Format Version 12.00
# Visual Studio Version 17
VisualStudioVersion = 17.5.2.0
MinimumVisualStudioVersion = 10.0.40219.1
Project("{FAE04EC0-301F-11D3-BF4B-00C04F79EFBC}") = "HealthSystemApp", "HealthSystemApp.csproj", "{D229CC9E-91F1-3A2E-C071-2748B5A27AE2}"
EndProject
Global
	GlobalSection(SolutionConfigurationPlatforms) = preSolution
		Debug|Any CPU = Debug|Any CPU
		Release|Any CPU = Release|Any CPU
	EndGlobalSection
	GlobalSection(ProjectConfigurationPlatforms) = postSolution
		{D229CC9E-91F1-3A2E-C071-2748B5A27AE2}.Debug|Any CPU.ActiveCfg = Debug|Any CPU
		{D229CC9E-91F1-3A2E-C071-2748B5A27AE2}.Debug|Any CPU.Build.0 = Debug|Any CPU
		{D229CC9E-91F1-3A2E-C071-2748B5A27AE2}.Release|Any CPU.ActiveCfg = Release|Any CPU
		{D229CC9E-91F1-3A2E-C071-2748B5A27AE2}.Release|Any CPU.Build.0 = Release|Any CPU
	EndGlobalSection
	GlobalSection(SolutionProperties) = preSolution
		HideSolutionNode = FALSE
	EndGlobalSection
	GlobalSection(ExtensibilityGlobals) = postSolution
		SolutionGuid = {8C9C68B4-23FB-4E3C-976C-8EB0D07570E6}
	EndGlobalSection
EndGlobal
